// !$*UTF8*$!
{
	archiveVersion = 1;
	classes = {
	};
	objectVersion = 46;
	objects = {

/* Begin PBXBuildFile section */
		33B625621D038B2B0063D6F0 /* CustomAPIClient.swift in Sources */ = {isa = PBXBuildFile; fileRef = 33B625611D038B2B0063D6F0 /* CustomAPIClient.swift */; };
		33B625641D0396850063D6F0 /* CustomRecycleCenter.swift in Sources */ = {isa = PBXBuildFile; fileRef = 33B625631D0396850063D6F0 /* CustomRecycleCenter.swift */; };
		33C2F96E1D032D03005E1916 /* AppDelegate.swift in Sources */ = {isa = PBXBuildFile; fileRef = 33C2F96D1D032D03005E1916 /* AppDelegate.swift */; };
		33C2F9701D032D03005E1916 /* ViewController.swift in Sources */ = {isa = PBXBuildFile; fileRef = 33C2F96F1D032D03005E1916 /* ViewController.swift */; };
		33C2F9731D032D03005E1916 /* Main.storyboard in Resources */ = {isa = PBXBuildFile; fileRef = 33C2F9711D032D03005E1916 /* Main.storyboard */; };
		33C2F9751D032D03005E1916 /* Assets.xcassets in Resources */ = {isa = PBXBuildFile; fileRef = 33C2F9741D032D03005E1916 /* Assets.xcassets */; };
		33C2F9781D032D03005E1916 /* LaunchScreen.storyboard in Resources */ = {isa = PBXBuildFile; fileRef = 33C2F9761D032D03005E1916 /* LaunchScreen.storyboard */; };
		33C2F9801D0336E0005E1916 /* APIClient.swift in Sources */ = {isa = PBXBuildFile; fileRef = 33C2F97F1D0336E0005E1916 /* APIClient.swift */; };
		5A32DCF61D0336B000069C08 /* CentersCellTableViewCell.swift in Sources */ = {isa = PBXBuildFile; fileRef = 5A32DCF51D0336B000069C08 /* CentersCellTableViewCell.swift */; };
		5A32DCF81D03782A00069C08 /* MaterialsVC.swift in Sources */ = {isa = PBXBuildFile; fileRef = 5A32DCF71D03782A00069C08 /* MaterialsVC.swift */; };
		83EF63FAE24D8E023B4BE93A /* Pods_Nashdrop.framework in Frameworks */ = {isa = PBXBuildFile; fileRef = 99D3E00EA9824E05E9A05C45 /* Pods_Nashdrop.framework */; };
		974BECF41D033CFB0093CE28 /* RecycleCenter.swift in Sources */ = {isa = PBXBuildFile; fileRef = 974BECF31D033CFB0093CE28 /* RecycleCenter.swift */; };
		974BECF61D033FB00093CE28 /* RecycleCenterController.swift in Sources */ = {isa = PBXBuildFile; fileRef = 974BECF51D033FB00093CE28 /* RecycleCenterController.swift */; };
		974BECF81D0340B50093CE28 /* NetworkController.swift in Sources */ = {isa = PBXBuildFile; fileRef = 974BECF71D0340B50093CE28 /* NetworkController.swift */; };
		977381D41D0370E00089C5E9 /* DetailTableViewController.swift in Sources */ = {isa = PBXBuildFile; fileRef = 977381D31D0370E00089C5E9 /* DetailTableViewController.swift */; };
/* End PBXBuildFile section */

/* Begin PBXFileReference section */
		18E76ACF11E7E59DFC00652D /* Pods.framework */ = {isa = PBXFileReference; explicitFileType = wrapper.framework; includeInIndex = 0; path = Pods.framework; sourceTree = BUILT_PRODUCTS_DIR; };
		33B625611D038B2B0063D6F0 /* CustomAPIClient.swift */ = {isa = PBXFileReference; fileEncoding = 4; lastKnownFileType = sourcecode.swift; path = CustomAPIClient.swift; sourceTree = "<group>"; };
		33B625631D0396850063D6F0 /* CustomRecycleCenter.swift */ = {isa = PBXFileReference; fileEncoding = 4; lastKnownFileType = sourcecode.swift; path = CustomRecycleCenter.swift; sourceTree = "<group>"; };
		33C2F96A1D032D03005E1916 /* Nashdrop.app */ = {isa = PBXFileReference; explicitFileType = wrapper.application; includeInIndex = 0; path = Nashdrop.app; sourceTree = BUILT_PRODUCTS_DIR; };
		33C2F96D1D032D03005E1916 /* AppDelegate.swift */ = {isa = PBXFileReference; lastKnownFileType = sourcecode.swift; path = AppDelegate.swift; sourceTree = "<group>"; };
		33C2F96F1D032D03005E1916 /* ViewController.swift */ = {isa = PBXFileReference; lastKnownFileType = sourcecode.swift; path = ViewController.swift; sourceTree = "<group>"; };
		33C2F9721D032D03005E1916 /* Base */ = {isa = PBXFileReference; lastKnownFileType = file.storyboard; name = Base; path = Base.lproj/Main.storyboard; sourceTree = "<group>"; };
		33C2F9741D032D03005E1916 /* Assets.xcassets */ = {isa = PBXFileReference; lastKnownFileType = folder.assetcatalog; path = Assets.xcassets; sourceTree = "<group>"; };
		33C2F9771D032D03005E1916 /* Base */ = {isa = PBXFileReference; lastKnownFileType = file.storyboard; name = Base; path = Base.lproj/LaunchScreen.storyboard; sourceTree = "<group>"; };
		33C2F9791D032D03005E1916 /* Info.plist */ = {isa = PBXFileReference; lastKnownFileType = text.plist.xml; path = Info.plist; sourceTree = "<group>"; };
		33C2F97F1D0336E0005E1916 /* APIClient.swift */ = {isa = PBXFileReference; fileEncoding = 4; lastKnownFileType = sourcecode.swift; path = APIClient.swift; sourceTree = "<group>"; };
		5A32DCF51D0336B000069C08 /* CentersCellTableViewCell.swift */ = {isa = PBXFileReference; fileEncoding = 4; lastKnownFileType = sourcecode.swift; path = CentersCellTableViewCell.swift; sourceTree = "<group>"; };
		5A32DCF71D03782A00069C08 /* MaterialsVC.swift */ = {isa = PBXFileReference; fileEncoding = 4; lastKnownFileType = sourcecode.swift; path = MaterialsVC.swift; sourceTree = "<group>"; };
		974BECF31D033CFB0093CE28 /* RecycleCenter.swift */ = {isa = PBXFileReference; fileEncoding = 4; lastKnownFileType = sourcecode.swift; path = RecycleCenter.swift; sourceTree = "<group>"; };
		974BECF51D033FB00093CE28 /* RecycleCenterController.swift */ = {isa = PBXFileReference; fileEncoding = 4; lastKnownFileType = sourcecode.swift; path = RecycleCenterController.swift; sourceTree = "<group>"; };
		974BECF71D0340B50093CE28 /* NetworkController.swift */ = {isa = PBXFileReference; fileEncoding = 4; lastKnownFileType = sourcecode.swift; path = NetworkController.swift; sourceTree = "<group>"; };
		977381D31D0370E00089C5E9 /* DetailTableViewController.swift */ = {isa = PBXFileReference; fileEncoding = 4; lastKnownFileType = sourcecode.swift; path = DetailTableViewController.swift; sourceTree = "<group>"; };
		99D3E00EA9824E05E9A05C45 /* Pods_Nashdrop.framework */ = {isa = PBXFileReference; explicitFileType = wrapper.framework; includeInIndex = 0; path = Pods_Nashdrop.framework; sourceTree = BUILT_PRODUCTS_DIR; };
		CA0FF04150A62F081607903C /* Pods-Nashdrop.release.xcconfig */ = {isa = PBXFileReference; includeInIndex = 1; lastKnownFileType = text.xcconfig; name = "Pods-Nashdrop.release.xcconfig"; path = "Pods/Target Support Files/Pods-Nashdrop/Pods-Nashdrop.release.xcconfig"; sourceTree = "<group>"; };
		E1A5FF3568CFB93B6227E026 /* Pods-Nashdrop.debug.xcconfig */ = {isa = PBXFileReference; includeInIndex = 1; lastKnownFileType = text.xcconfig; name = "Pods-Nashdrop.debug.xcconfig"; path = "Pods/Target Support Files/Pods-Nashdrop/Pods-Nashdrop.debug.xcconfig"; sourceTree = "<group>"; };
/* End PBXFileReference section */

/* Begin PBXFrameworksBuildPhase section */
		33C2F9671D032D03005E1916 /* Frameworks */ = {
			isa = PBXFrameworksBuildPhase;
			buildActionMask = 2147483647;
			files = (
				83EF63FAE24D8E023B4BE93A /* Pods_Nashdrop.framework in Frameworks */,
			);
			runOnlyForDeploymentPostprocessing = 0;
		};
/* End PBXFrameworksBuildPhase section */

/* Begin PBXGroup section */
		33C2F9611D032D03005E1916 = {
			isa = PBXGroup;
			children = (
				33C2F96C1D032D03005E1916 /* Nashdrop */,
				33C2F96B1D032D03005E1916 /* Products */,
				E0ED7B85642BB8CC6CC78D7E /* Frameworks */,
				FD70F56722A98E8759328866 /* Pods */,
			);
			sourceTree = "<group>";
		};
		33C2F96B1D032D03005E1916 /* Products */ = {
			isa = PBXGroup;
			children = (
				33C2F96A1D032D03005E1916 /* Nashdrop.app */,
			);
			name = Products;
			sourceTree = "<group>";
		};
		33C2F96C1D032D03005E1916 /* Nashdrop */ = {
			isa = PBXGroup;
			children = (
				33C2F9761D032D03005E1916 /* LaunchScreen.storyboard */,
				33C2F9711D032D03005E1916 /* Main.storyboard */,
				33C2F96D1D032D03005E1916 /* AppDelegate.swift */,
				33C2F96F1D032D03005E1916 /* ViewController.swift */,
				5A32DCF51D0336B000069C08 /* CentersCellTableViewCell.swift */,
				977381D31D0370E00089C5E9 /* DetailTableViewController.swift */,
				974BECF31D033CFB0093CE28 /* RecycleCenter.swift */,
				33C2F9741D032D03005E1916 /* Assets.xcassets */,
				33C2F9791D032D03005E1916 /* Info.plist */,
				974BECF91D0347E20093CE28 /* Experiments */,
				33C2F97F1D0336E0005E1916 /* APIClient.swift */,
				5A32DCF71D03782A00069C08 /* MaterialsVC.swift */,
				33B625611D038B2B0063D6F0 /* CustomAPIClient.swift */,
				33B625631D0396850063D6F0 /* CustomRecycleCenter.swift */,
			);
			path = Nashdrop;
			sourceTree = "<group>";
		};
		974BECF91D0347E20093CE28 /* Experiments */ = {
			isa = PBXGroup;
			children = (
				974BECF51D033FB00093CE28 /* RecycleCenterController.swift */,
				974BECF71D0340B50093CE28 /* NetworkController.swift */,
			);
			name = Experiments;
			sourceTree = "<group>";
		};
		E0ED7B85642BB8CC6CC78D7E /* Frameworks */ = {
			isa = PBXGroup;
			children = (
				18E76ACF11E7E59DFC00652D /* Pods.framework */,
				99D3E00EA9824E05E9A05C45 /* Pods_Nashdrop.framework */,
			);
			name = Frameworks;
			sourceTree = "<group>";
		};
		FD70F56722A98E8759328866 /* Pods */ = {
			isa = PBXGroup;
			children = (
				E1A5FF3568CFB93B6227E026 /* Pods-Nashdrop.debug.xcconfig */,
				CA0FF04150A62F081607903C /* Pods-Nashdrop.release.xcconfig */,
			);
			name = Pods;
			sourceTree = "<group>";
		};
/* End PBXGroup section */

/* Begin PBXNativeTarget section */
		33C2F9691D032D03005E1916 /* Nashdrop */ = {
			isa = PBXNativeTarget;
			buildConfigurationList = 33C2F97C1D032D03005E1916 /* Build configuration list for PBXNativeTarget "Nashdrop" */;
			buildPhases = (
				855A5B0BE04AEA03338239BA /* 📦 Check Pods Manifest.lock */,
				33C2F9661D032D03005E1916 /* Sources */,
				33C2F9671D032D03005E1916 /* Frameworks */,
				33C2F9681D032D03005E1916 /* Resources */,
				C162007441A98E60969F5C23 /* 📦 Embed Pods Frameworks */,
				A84617E5136AA047619594D4 /* 📦 Copy Pods Resources */,
				598ADCABC8C1A50736D3C115 /* Embed Pods Frameworks */,
			);
			buildRules = (
			);
			dependencies = (
			);
			name = Nashdrop;
			productName = Nashdrop;
			productReference = 33C2F96A1D032D03005E1916 /* Nashdrop.app */;
			productType = "com.apple.product-type.application";
		};
/* End PBXNativeTarget section */

/* Begin PBXProject section */
		33C2F9621D032D03005E1916 /* Project object */ = {
			isa = PBXProject;
			attributes = {
				LastSwiftUpdateCheck = 0730;
				LastUpgradeCheck = 0730;
				ORGANIZATIONNAME = "Code For Nashville";
				TargetAttributes = {
					33C2F9691D032D03005E1916 = {
						CreatedOnToolsVersion = 7.3;
					};
				};
			};
			buildConfigurationList = 33C2F9651D032D03005E1916 /* Build configuration list for PBXProject "Nashdrop" */;
			compatibilityVersion = "Xcode 3.2";
			developmentRegion = English;
			hasScannedForEncodings = 0;
			knownRegions = (
				en,
				Base,
			);
			mainGroup = 33C2F9611D032D03005E1916;
			productRefGroup = 33C2F96B1D032D03005E1916 /* Products */;
			projectDirPath = "";
			projectRoot = "";
			targets = (
				33C2F9691D032D03005E1916 /* Nashdrop */,
			);
		};
/* End PBXProject section */

/* Begin PBXResourcesBuildPhase section */
		33C2F9681D032D03005E1916 /* Resources */ = {
			isa = PBXResourcesBuildPhase;
			buildActionMask = 2147483647;
			files = (
				33C2F9781D032D03005E1916 /* LaunchScreen.storyboard in Resources */,
				33C2F9751D032D03005E1916 /* Assets.xcassets in Resources */,
				33C2F9731D032D03005E1916 /* Main.storyboard in Resources */,
			);
			runOnlyForDeploymentPostprocessing = 0;
		};
/* End PBXResourcesBuildPhase section */

/* Begin PBXShellScriptBuildPhase section */
		598ADCABC8C1A50736D3C115 /* Embed Pods Frameworks */ = {
			isa = PBXShellScriptBuildPhase;
			buildActionMask = 2147483647;
			files = (
			);
			inputPaths = (
			);
			name = "Embed Pods Frameworks";
			outputPaths = (
			);
			runOnlyForDeploymentPostprocessing = 0;
			shellPath = /bin/sh;
			shellScript = "\"${SRCROOT}/Pods/Target Support Files/Pods-Nashdrop/Pods-Nashdrop-frameworks.sh\"\n";
			showEnvVarsInLog = 0;
		};
		855A5B0BE04AEA03338239BA /* 📦 Check Pods Manifest.lock */ = {
			isa = PBXShellScriptBuildPhase;
			buildActionMask = 2147483647;
			files = (
			);
			inputPaths = (
			);
			name = "📦 Check Pods Manifest.lock";
			outputPaths = (
			);
			runOnlyForDeploymentPostprocessing = 0;
			shellPath = /bin/sh;
			shellScript = "diff \"${PODS_ROOT}/../Podfile.lock\" \"${PODS_ROOT}/Manifest.lock\" > /dev/null\nif [[ $? != 0 ]] ; then\n    cat << EOM\nerror: The sandbox is not in sync with the Podfile.lock. Run 'pod install' or update your CocoaPods installation.\nEOM\n    exit 1\nfi\n";
			showEnvVarsInLog = 0;
		};
		A84617E5136AA047619594D4 /* 📦 Copy Pods Resources */ = {
			isa = PBXShellScriptBuildPhase;
			buildActionMask = 2147483647;
			files = (
			);
			inputPaths = (
			);
			name = "📦 Copy Pods Resources";
			outputPaths = (
			);
			runOnlyForDeploymentPostprocessing = 0;
			shellPath = /bin/sh;
			shellScript = "\"${SRCROOT}/Pods/Target Support Files/Pods-Nashdrop/Pods-Nashdrop-resources.sh\"\n";
			showEnvVarsInLog = 0;
		};
		C162007441A98E60969F5C23 /* 📦 Embed Pods Frameworks */ = {
			isa = PBXShellScriptBuildPhase;
			buildActionMask = 2147483647;
			files = (
			);
			inputPaths = (
			);
			name = "📦 Embed Pods Frameworks";
			outputPaths = (
			);
			runOnlyForDeploymentPostprocessing = 0;
			shellPath = /bin/sh;
			shellScript = "\"${SRCROOT}/Pods/Target Support Files/Pods-Nashdrop/Pods-Nashdrop-frameworks.sh\"\n";
			showEnvVarsInLog = 0;
		};
/* End PBXShellScriptBuildPhase section */

/* Begin PBXSourcesBuildPhase section */
		33C2F9661D032D03005E1916 /* Sources */ = {
			isa = PBXSourcesBuildPhase;
			buildActionMask = 2147483647;
			files = (
				5A32DCF61D0336B000069C08 /* CentersCellTableViewCell.swift in Sources */,
				974BECF81D0340B50093CE28 /* NetworkController.swift in Sources */,
				33B625641D0396850063D6F0 /* CustomRecycleCenter.swift in Sources */,
				974BECF61D033FB00093CE28 /* RecycleCenterController.swift in Sources */,
				974BECF41D033CFB0093CE28 /* RecycleCenter.swift in Sources */,
				977381D41D0370E00089C5E9 /* DetailTableViewController.swift in Sources */,
				33C2F9701D032D03005E1916 /* ViewController.swift in Sources */,
				33C2F96E1D032D03005E1916 /* AppDelegate.swift in Sources */,
				33C2F9801D0336E0005E1916 /* APIClient.swift in Sources */,
				33B625621D038B2B0063D6F0 /* CustomAPIClient.swift in Sources */,
				5A32DCF81D03782A00069C08 /* MaterialsVC.swift in Sources */,
			);
			runOnlyForDeploymentPostprocessing = 0;
		};
/* End PBXSourcesBuildPhase section */

/* Begin PBXVariantGroup section */
		33C2F9711D032D03005E1916 /* Main.storyboard */ = {
			isa = PBXVariantGroup;
			children = (
				33C2F9721D032D03005E1916 /* Base */,
			);
			name = Main.storyboard;
			sourceTree = "<group>";
		};
		33C2F9761D032D03005E1916 /* LaunchScreen.storyboard */ = {
			isa = PBXVariantGroup;
			children = (
				33C2F9771D032D03005E1916 /* Base */,
			);
			name = LaunchScreen.storyboard;
			sourceTree = "<group>";
		};
/* End PBXVariantGroup section */

/* Begin XCBuildConfiguration section */
		33C2F97A1D032D03005E1916 /* Debug */ = {
			isa = XCBuildConfiguration;
			buildSettings = {
				ALWAYS_SEARCH_USER_PATHS = NO;
				CLANG_ANALYZER_NONNULL = YES;
				CLANG_CXX_LANGUAGE_STANDARD = "gnu++0x";
				CLANG_CXX_LIBRARY = "libc++";
				CLANG_ENABLE_MODULES = YES;
				CLANG_ENABLE_OBJC_ARC = YES;
				CLANG_WARN_BOOL_CONVERSION = YES;
				CLANG_WARN_CONSTANT_CONVERSION = YES;
				CLANG_WARN_DIRECT_OBJC_ISA_USAGE = YES_ERROR;
				CLANG_WARN_EMPTY_BODY = YES;
				CLANG_WARN_ENUM_CONVERSION = YES;
				CLANG_WARN_INT_CONVERSION = YES;
				CLANG_WARN_OBJC_ROOT_CLASS = YES_ERROR;
				CLANG_WARN_UNREACHABLE_CODE = YES;
				CLANG_WARN__DUPLICATE_METHOD_MATCH = YES;
				"CODE_SIGN_IDENTITY[sdk=iphoneos*]" = "iPhone Developer";
				COPY_PHASE_STRIP = NO;
				DEBUG_INFORMATION_FORMAT = dwarf;
				ENABLE_STRICT_OBJC_MSGSEND = YES;
				ENABLE_TESTABILITY = YES;
				GCC_C_LANGUAGE_STANDARD = gnu99;
				GCC_DYNAMIC_NO_PIC = NO;
				GCC_NO_COMMON_BLOCKS = YES;
				GCC_OPTIMIZATION_LEVEL = 0;
				GCC_PREPROCESSOR_DEFINITIONS = (
					"DEBUG=1",
					"$(inherited)",
				);
				GCC_WARN_64_TO_32_BIT_CONVERSION = YES;
				GCC_WARN_ABOUT_RETURN_TYPE = YES_ERROR;
				GCC_WARN_UNDECLARED_SELECTOR = YES;
				GCC_WARN_UNINITIALIZED_AUTOS = YES_AGGRESSIVE;
				GCC_WARN_UNUSED_FUNCTION = YES;
				GCC_WARN_UNUSED_VARIABLE = YES;
				IPHONEOS_DEPLOYMENT_TARGET = 9.3;
				MTL_ENABLE_DEBUG_INFO = YES;
				ONLY_ACTIVE_ARCH = YES;
				SDKROOT = iphoneos;
				SWIFT_OPTIMIZATION_LEVEL = "-Onone";
			};
			name = Debug;
		};
		33C2F97B1D032D03005E1916 /* Release */ = {
			isa = XCBuildConfiguration;
			buildSettings = {
				ALWAYS_SEARCH_USER_PATHS = NO;
				CLANG_ANALYZER_NONNULL = YES;
				CLANG_CXX_LANGUAGE_STANDARD = "gnu++0x";
				CLANG_CXX_LIBRARY = "libc++";
				CLANG_ENABLE_MODULES = YES;
				CLANG_ENABLE_OBJC_ARC = YES;
				CLANG_WARN_BOOL_CONVERSION = YES;
				CLANG_WARN_CONSTANT_CONVERSION = YES;
				CLANG_WARN_DIRECT_OBJC_ISA_USAGE = YES_ERROR;
				CLANG_WARN_EMPTY_BODY = YES;
				CLANG_WARN_ENUM_CONVERSION = YES;
				CLANG_WARN_INT_CONVERSION = YES;
				CLANG_WARN_OBJC_ROOT_CLASS = YES_ERROR;
				CLANG_WARN_UNREACHABLE_CODE = YES;
				CLANG_WARN__DUPLICATE_METHOD_MATCH = YES;
				"CODE_SIGN_IDENTITY[sdk=iphoneos*]" = "iPhone Developer";
				COPY_PHASE_STRIP = NO;
				DEBUG_INFORMATION_FORMAT = "dwarf-with-dsym";
				ENABLE_NS_ASSERTIONS = NO;
				ENABLE_STRICT_OBJC_MSGSEND = YES;
				GCC_C_LANGUAGE_STANDARD = gnu99;
				GCC_NO_COMMON_BLOCKS = YES;
				GCC_WARN_64_TO_32_BIT_CONVERSION = YES;
				GCC_WARN_ABOUT_RETURN_TYPE = YES_ERROR;
				GCC_WARN_UNDECLARED_SELECTOR = YES;
				GCC_WARN_UNINITIALIZED_AUTOS = YES_AGGRESSIVE;
				GCC_WARN_UNUSED_FUNCTION = YES;
				GCC_WARN_UNUSED_VARIABLE = YES;
				IPHONEOS_DEPLOYMENT_TARGET = 9.3;
				MTL_ENABLE_DEBUG_INFO = NO;
				SDKROOT = iphoneos;
				VALIDATE_PRODUCT = YES;
			};
			name = Release;
		};
		33C2F97D1D032D03005E1916 /* Debug */ = {
			isa = XCBuildConfiguration;
			baseConfigurationReference = E1A5FF3568CFB93B6227E026 /* Pods-Nashdrop.debug.xcconfig */;
			buildSettings = {
				ASSETCATALOG_COMPILER_APPICON_NAME = AppIcon;
				INFOPLIST_FILE = Nashdrop/Info.plist;
				LD_RUNPATH_SEARCH_PATHS = "$(inherited) @executable_path/Frameworks";
				PRODUCT_BUNDLE_IDENTIFIER = com.johnsaba.Nashdrop;
				PRODUCT_NAME = "$(TARGET_NAME)";
			};
			name = Debug;
		};
		33C2F97E1D032D03005E1916 /* Release */ = {
			isa = XCBuildConfiguration;
			baseConfigurationReference = CA0FF04150A62F081607903C /* Pods-Nashdrop.release.xcconfig */;
			buildSettings = {
				ASSETCATALOG_COMPILER_APPICON_NAME = AppIcon;
				INFOPLIST_FILE = Nashdrop/Info.plist;
				LD_RUNPATH_SEARCH_PATHS = "$(inherited) @executable_path/Frameworks";
				PRODUCT_BUNDLE_IDENTIFIER = com.johnsaba.Nashdrop;
				PRODUCT_NAME = "$(TARGET_NAME)";
			};
			name = Release;
		};
/* End XCBuildConfiguration section */

/* Begin XCConfigurationList section */
		33C2F9651D032D03005E1916 /* Build configuration list for PBXProject "Nashdrop" */ = {
			isa = XCConfigurationList;
			buildConfigurations = (
				33C2F97A1D032D03005E1916 /* Debug */,
				33C2F97B1D032D03005E1916 /* Release */,
			);
			defaultConfigurationIsVisible = 0;
			defaultConfigurationName = Release;
		};
		33C2F97C1D032D03005E1916 /* Build configuration list for PBXNativeTarget "Nashdrop" */ = {
			isa = XCConfigurationList;
			buildConfigurations = (
				33C2F97D1D032D03005E1916 /* Debug */,
				33C2F97E1D032D03005E1916 /* Release */,
			);
			defaultConfigurationIsVisible = 0;
			defaultConfigurationName = Release;
		};
/* End XCConfigurationList section */
	};
	rootObject = 33C2F9621D032D03005E1916 /* Project object */;
}
